
Microsoft Visual Studio Solution File, Format Version 12.00
# Visual Studio Version 17
VisualStudioVersion = 17.9.34607.119
MinimumVisualStudioVersion = 10.0.40219.1
Project("{FAE04EC0-301F-11D3-BF4B-00C04F79EFBC}") = "22MISY1041 Mert Ali Dalkır Final", "22MISY1041 Mert Ali Dalkır Final\22MISY1041 Mert Ali Dalkır Final.csproj", "{9994E2DA-6013-4531-BA48-235964B8D5FD}"
EndProject
Global
	GlobalSection(SolutionConfigurationPlatforms) = preSolution
		Debug|Any CPU = Debug|Any CPU
		Release|Any CPU = Release|Any CPU
	EndGlobalSection
	GlobalSection(ProjectConfigurationPlatforms) = postSolution
		{9994E2DA-6013-4531-BA48-235964B8D5FD}.Debug|Any CPU.ActiveCfg = Debug|Any CPU
		{9994E2DA-6013-4531-BA48-235964B8D5FD}.Debug|Any CPU.Build.0 = Debug|Any CPU
		{9994E2DA-6013-4531-BA48-235964B8D5FD}.Release|Any CPU.ActiveCfg = Release|Any CPU
		{9994E2DA-6013-4531-BA48-235964B8D5FD}.Release|Any CPU.Build.0 = Release|Any CPU
	EndGlobalSection
	GlobalSection(SolutionProperties) = preSolution
		HideSolutionNode = FALSE
	EndGlobalSection
	GlobalSection(ExtensibilityGlobals) = postSolution
		SolutionGuid = {66AFBACA-951C-45A9-A49D-9775AC5D60BE}
	EndGlobalSection
EndGlobal
